// !$*UTF8*$!
{
	archiveVersion = 1;
	classes = {
	};
	objectVersion = 46;
	objects = {

/* Begin PBXBuildFile section */
		394A8B081D76D6B50025BB3E /* button_tap_selected.png in Resources */ = {isa = PBXBuildFile; fileRef = 394A8B061D76D6B50025BB3E /* button_tap_selected.png */; };
		394A8B091D76D6B50025BB3E /* button_tap_selected@2x.png in Resources */ = {isa = PBXBuildFile; fileRef = 394A8B071D76D6B50025BB3E /* button_tap_selected@2x.png */; };
		394A8B0C1D76D7E10025BB3E /* button_tap_deselected.png in Resources */ = {isa = PBXBuildFile; fileRef = 394A8B0A1D76D7E10025BB3E /* button_tap_deselected.png */; };
		394A8B0D1D76D7E10025BB3E /* button_tap_deselected@2x.png in Resources */ = {isa = PBXBuildFile; fileRef = 394A8B0B1D76D7E10025BB3E /* button_tap_deselected@2x.png */; };
		394A8B0F1D76D92D0025BB3E /* AVFoundation.framework in Frameworks */ = {isa = PBXBuildFile; fileRef = 394A8B0E1D76D92D0025BB3E /* AVFoundation.framework */; };
		394A8B111D76DBFB0025BB3E /* ButtonTap.wav in Resources */ = {isa = PBXBuildFile; fileRef = 394A8B101D76DBFB0025BB3E /* ButtonTap.wav */; };
		394A8B141D76DC080025BB3E /* HallOfTheMountainKing.mp3 in Resources */ = {isa = PBXBuildFile; fileRef = 394A8B121D76DC080025BB3E /* HallOfTheMountainKing.mp3 */; };
		394A8B151D76DC080025BB3E /* SecondBeep.wav in Resources */ = {isa = PBXBuildFile; fileRef = 394A8B131D76DC080025BB3E /* SecondBeep.wav */; };
		39AAF1031D756E520054A279 /* main.m in Sources */ = {isa = PBXBuildFile; fileRef = 39AAF1021D756E520054A279 /* main.m */; };
		39AAF1061D756E520054A279 /* AppDelegate.m in Sources */ = {isa = PBXBuildFile; fileRef = 39AAF1051D756E520054A279 /* AppDelegate.m */; };
		39AAF1091D756E520054A279 /* ViewController.m in Sources */ = {isa = PBXBuildFile; fileRef = 39AAF1081D756E520054A279 /* ViewController.m */; };
		39AAF10C1D756E520054A279 /* Main.storyboard in Resources */ = {isa = PBXBuildFile; fileRef = 39AAF10A1D756E520054A279 /* Main.storyboard */; };
		39AAF10E1D756E520054A279 /* Assets.xcassets in Resources */ = {isa = PBXBuildFile; fileRef = 39AAF10D1D756E520054A279 /* Assets.xcassets */; };
		39AAF1111D756E520054A279 /* LaunchScreen.storyboard in Resources */ = {isa = PBXBuildFile; fileRef = 39AAF10F1D756E520054A279 /* LaunchScreen.storyboard */; };
		39AAF11C1D756E520054A279 /* trainingTests.m in Sources */ = {isa = PBXBuildFile; fileRef = 39AAF11B1D756E520054A279 /* trainingTests.m */; };
		39AAF1271D756E520054A279 /* trainingUITests.m in Sources */ = {isa = PBXBuildFile; fileRef = 39AAF1261D756E520054A279 /* trainingUITests.m */; };
		39AAF1371D756F1B0054A279 /* MyViewController.m in Sources */ = {isa = PBXBuildFile; fileRef = 39AAF1351D756F1B0054A279 /* MyViewController.m */; };
		39AAF1381D756F1B0054A279 /* MyViewController.xib in Resources */ = {isa = PBXBuildFile; fileRef = 39AAF1361D756F1B0054A279 /* MyViewController.xib */; };
/* End PBXBuildFile section */

/* Begin PBXContainerItemProxy section */
		39AAF1181D756E520054A279 /* PBXContainerItemProxy */ = {
			isa = PBXContainerItemProxy;
			containerPortal = 39AAF0F61D756E520054A279 /* Project object */;
			proxyType = 1;
			remoteGlobalIDString = 39AAF0FD1D756E520054A279;
			remoteInfo = training;
		};
		39AAF1231D756E520054A279 /* PBXContainerItemProxy */ = {
			isa = PBXContainerItemProxy;
			containerPortal = 39AAF0F61D756E520054A279 /* Project object */;
			proxyType = 1;
			remoteGlobalIDString = 39AAF0FD1D756E520054A279;
			remoteInfo = training;
		};
/* End PBXContainerItemProxy section */

/* Begin PBXFileReference section */
		394A8B061D76D6B50025BB3E /* button_tap_selected.png */ = {isa = PBXFileReference; lastKnownFileType = image.png; path = button_tap_selected.png; sourceTree = "<group>"; };
		394A8B071D76D6B50025BB3E /* button_tap_selected@2x.png */ = {isa = PBXFileReference; lastKnownFileType = image.png; path = "button_tap_selected@2x.png"; sourceTree = "<group>"; };
		394A8B0A1D76D7E10025BB3E /* button_tap_deselected.png */ = {isa = PBXFileReference; lastKnownFileType = image.png; path = button_tap_deselected.png; sourceTree = "<group>"; };
		394A8B0B1D76D7E10025BB3E /* button_tap_deselected@2x.png */ = {isa = PBXFileReference; lastKnownFileType = image.png; path = "button_tap_deselected@2x.png"; sourceTree = "<group>"; };
		394A8B0E1D76D92D0025BB3E /* AVFoundation.framework */ = {isa = PBXFileReference; lastKnownFileType = wrapper.framework; name = AVFoundation.framework; path = System/Library/Frameworks/AVFoundation.framework; sourceTree = SDKROOT; };
		394A8B101D76DBFB0025BB3E /* ButtonTap.wav */ = {isa = PBXFileReference; lastKnownFileType = audio.wav; path = ButtonTap.wav; sourceTree = "<group>"; };
		394A8B121D76DC080025BB3E /* HallOfTheMountainKing.mp3 */ = {isa = PBXFileReference; lastKnownFileType = audio.mp3; path = HallOfTheMountainKing.mp3; sourceTree = "<group>"; };
		394A8B131D76DC080025BB3E /* SecondBeep.wav */ = {isa = PBXFileReference; lastKnownFileType = audio.wav; path = SecondBeep.wav; sourceTree = "<group>"; };
		39AAF0FE1D756E520054A279 /* training.app */ = {isa = PBXFileReference; explicitFileType = wrapper.application; includeInIndex = 0; path = training.app; sourceTree = BUILT_PRODUCTS_DIR; };
		39AAF1021D756E520054A279 /* main.m */ = {isa = PBXFileReference; lastKnownFileType = sourcecode.c.objc; path = main.m; sourceTree = "<group>"; };
		39AAF1041D756E520054A279 /* AppDelegate.h */ = {isa = PBXFileReference; lastKnownFileType = sourcecode.c.h; path = AppDelegate.h; sourceTree = "<group>"; };
		39AAF1051D756E520054A279 /* AppDelegate.m */ = {isa = PBXFileReference; lastKnownFileType = sourcecode.c.objc; path = AppDelegate.m; sourceTree = "<group>"; };
		39AAF1071D756E520054A279 /* ViewController.h */ = {isa = PBXFileReference; lastKnownFileType = sourcecode.c.h; path = ViewController.h; sourceTree = "<group>"; };
		39AAF1081D756E520054A279 /* ViewController.m */ = {isa = PBXFileReference; lastKnownFileType = sourcecode.c.objc; path = ViewController.m; sourceTree = "<group>"; };
		39AAF10B1D756E520054A279 /* Base */ = {isa = PBXFileReference; lastKnownFileType = file.storyboard; name = Base; path = Base.lproj/Main.storyboard; sourceTree = "<group>"; };
		39AAF10D1D756E520054A279 /* Assets.xcassets */ = {isa = PBXFileReference; lastKnownFileType = folder.assetcatalog; path = Assets.xcassets; sourceTree = "<group>"; };
		39AAF1101D756E520054A279 /* Base */ = {isa = PBXFileReference; lastKnownFileType = file.storyboard; name = Base; path = Base.lproj/LaunchScreen.storyboard; sourceTree = "<group>"; };
		39AAF1121D756E520054A279 /* Info.plist */ = {isa = PBXFileReference; lastKnownFileType = text.plist.xml; path = Info.plist; sourceTree = "<group>"; };
		39AAF1171D756E520054A279 /* trainingTests.xctest */ = {isa = PBXFileReference; explicitFileType = wrapper.cfbundle; includeInIndex = 0; path = trainingTests.xctest; sourceTree = BUILT_PRODUCTS_DIR; };
		39AAF11B1D756E520054A279 /* trainingTests.m */ = {isa = PBXFileReference; lastKnownFileType = sourcecode.c.objc; path = trainingTests.m; sourceTree = "<group>"; };
		39AAF11D1D756E520054A279 /* Info.plist */ = {isa = PBXFileReference; lastKnownFileType = text.plist.xml; path = Info.plist; sourceTree = "<group>"; };
		39AAF1221D756E520054A279 /* trainingUITests.xctest */ = {isa = PBXFileReference; explicitFileType = wrapper.cfbundle; includeInIndex = 0; path = trainingUITests.xctest; sourceTree = BUILT_PRODUCTS_DIR; };
		39AAF1261D756E520054A279 /* trainingUITests.m */ = {isa = PBXFileReference; lastKnownFileType = sourcecode.c.objc; path = trainingUITests.m; sourceTree = "<group>"; };
		39AAF1281D756E520054A279 /* Info.plist */ = {isa = PBXFileReference; lastKnownFileType = text.plist.xml; path = Info.plist; sourceTree = "<group>"; };
		39AAF1341D756F1B0054A279 /* MyViewController.h */ = {isa = PBXFileReference; fileEncoding = 4; lastKnownFileType = sourcecode.c.h; path = MyViewController.h; sourceTree = "<group>"; };
		39AAF1351D756F1B0054A279 /* MyViewController.m */ = {isa = PBXFileReference; fileEncoding = 4; lastKnownFileType = sourcecode.c.objc; path = MyViewController.m; sourceTree = "<group>"; };
		39AAF1361D756F1B0054A279 /* MyViewController.xib */ = {isa = PBXFileReference; fileEncoding = 4; lastKnownFileType = file.xib; path = MyViewController.xib; sourceTree = "<group>"; };
/* End PBXFileReference section */

/* Begin PBXFrameworksBuildPhase section */
		39AAF0FB1D756E520054A279 /* Frameworks */ = {
			isa = PBXFrameworksBuildPhase;
			buildActionMask = 2147483647;
			files = (
				394A8B0F1D76D92D0025BB3E /* AVFoundation.framework in Frameworks */,
			);
			runOnlyForDeploymentPostprocessing = 0;
		};
		39AAF1141D756E520054A279 /* Frameworks */ = {
			isa = PBXFrameworksBuildPhase;
			buildActionMask = 2147483647;
			files = (
			);
			runOnlyForDeploymentPostprocessing = 0;
		};
		39AAF11F1D756E520054A279 /* Frameworks */ = {
			isa = PBXFrameworksBuildPhase;
			buildActionMask = 2147483647;
			files = (
			);
			runOnlyForDeploymentPostprocessing = 0;
		};
/* End PBXFrameworksBuildPhase section */

/* Begin PBXGroup section */
		39AAF0F51D756E520054A279 = {
			isa = PBXGroup;
			children = (
				394A8B0E1D76D92D0025BB3E /* AVFoundation.framework */,
				39AAF1001D756E520054A279 /* training */,
				39AAF11A1D756E520054A279 /* trainingTests */,
				39AAF1251D756E520054A279 /* trainingUITests */,
				39AAF0FF1D756E520054A279 /* Products */,
			);
			sourceTree = "<group>";
		};
		39AAF0FF1D756E520054A279 /* Products */ = {
			isa = PBXGroup;
			children = (
				39AAF0FE1D756E520054A279 /* training.app */,
				39AAF1171D756E520054A279 /* trainingTests.xctest */,
				39AAF1221D756E520054A279 /* trainingUITests.xctest */,
			);
			name = Products;
			sourceTree = "<group>";
		};
		39AAF1001D756E520054A279 /* training */ = {
			isa = PBXGroup;
			children = (
				39AAF1041D756E520054A279 /* AppDelegate.h */,
				39AAF1051D756E520054A279 /* AppDelegate.m */,
				39AAF1341D756F1B0054A279 /* MyViewController.h */,
				39AAF1351D756F1B0054A279 /* MyViewController.m */,
				39AAF1361D756F1B0054A279 /* MyViewController.xib */,
				39AAF1071D756E520054A279 /* ViewController.h */,
				39AAF1081D756E520054A279 /* ViewController.m */,
				39AAF10A1D756E520054A279 /* Main.storyboard */,
				39AAF10D1D756E520054A279 /* Assets.xcassets */,
				39AAF10F1D756E520054A279 /* LaunchScreen.storyboard */,
				39AAF1121D756E520054A279 /* Info.plist */,
				39AAF1011D756E520054A279 /* Supporting Files */,
			);
			path = training;
			sourceTree = "<group>";
		};
		39AAF1011D756E520054A279 /* Supporting Files */ = {
			isa = PBXGroup;
			children = (
				394A8B121D76DC080025BB3E /* HallOfTheMountainKing.mp3 */,
				394A8B131D76DC080025BB3E /* SecondBeep.wav */,
				394A8B101D76DBFB0025BB3E /* ButtonTap.wav */,
				394A8B0A1D76D7E10025BB3E /* button_tap_deselected.png */,
				394A8B0B1D76D7E10025BB3E /* button_tap_deselected@2x.png */,
				394A8B061D76D6B50025BB3E /* button_tap_selected.png */,
				394A8B071D76D6B50025BB3E /* button_tap_selected@2x.png */,
				39AAF1021D756E520054A279 /* main.m */,
			);
			name = "Supporting Files";
			sourceTree = "<group>";
		};
		39AAF11A1D756E520054A279 /* trainingTests */ = {
			isa = PBXGroup;
			children = (
				39AAF11B1D756E520054A279 /* trainingTests.m */,
				39AAF11D1D756E520054A279 /* Info.plist */,
			);
			path = trainingTests;
			sourceTree = "<group>";
		};
		39AAF1251D756E520054A279 /* trainingUITests */ = {
			isa = PBXGroup;
			children = (
				39AAF1261D756E520054A279 /* trainingUITests.m */,
				39AAF1281D756E520054A279 /* Info.plist */,
			);
			path = trainingUITests;
			sourceTree = "<group>";
		};
/* End PBXGroup section */

/* Begin PBXNativeTarget section */
		39AAF0FD1D756E520054A279 /* training */ = {
			isa = PBXNativeTarget;
			buildConfigurationList = 39AAF12B1D756E520054A279 /* Build configuration list for PBXNativeTarget "training" */;
			buildPhases = (
				39AAF0FA1D756E520054A279 /* Sources */,
				39AAF0FB1D756E520054A279 /* Frameworks */,
				39AAF0FC1D756E520054A279 /* Resources */,
			);
			buildRules = (
			);
			dependencies = (
			);
			name = training;
			productName = training;
			productReference = 39AAF0FE1D756E520054A279 /* training.app */;
			productType = "com.apple.product-type.application";
		};
		39AAF1161D756E520054A279 /* trainingTests */ = {
			isa = PBXNativeTarget;
			buildConfigurationList = 39AAF12E1D756E520054A279 /* Build configuration list for PBXNativeTarget "trainingTests" */;
			buildPhases = (
				39AAF1131D756E520054A279 /* Sources */,
				39AAF1141D756E520054A279 /* Frameworks */,
				39AAF1151D756E520054A279 /* Resources */,
			);
			buildRules = (
			);
			dependencies = (
				39AAF1191D756E520054A279 /* PBXTargetDependency */,
			);
			name = trainingTests;
			productName = trainingTests;
			productReference = 39AAF1171D756E520054A279 /* trainingTests.xctest */;
			productType = "com.apple.product-type.bundle.unit-test";
		};
		39AAF1211D756E520054A279 /* trainingUITests */ = {
			isa = PBXNativeTarget;
			buildConfigurationList = 39AAF1311D756E520054A279 /* Build configuration list for PBXNativeTarget "trainingUITests" */;
			buildPhases = (
				39AAF11E1D756E520054A279 /* Sources */,
				39AAF11F1D756E520054A279 /* Frameworks */,
				39AAF1201D756E520054A279 /* Resources */,
			);
			buildRules = (
			);
			dependencies = (
				39AAF1241D756E520054A279 /* PBXTargetDependency */,
			);
			name = trainingUITests;
			productName = trainingUITests;
			productReference = 39AAF1221D756E520054A279 /* trainingUITests.xctest */;
			productType = "com.apple.product-type.bundle.ui-testing";
		};
/* End PBXNativeTarget section */

/* Begin PBXProject section */
		39AAF0F61D756E520054A279 /* Project object */ = {
			isa = PBXProject;
			attributes = {
				LastUpgradeCheck = 0730;
				ORGANIZATIONNAME = "sanjana sripathi";
				TargetAttributes = {
					39AAF0FD1D756E520054A279 = {
						CreatedOnToolsVersion = 7.3.1;
					};
					39AAF1161D756E520054A279 = {
						CreatedOnToolsVersion = 7.3.1;
						TestTargetID = 39AAF0FD1D756E520054A279;
					};
					39AAF1211D756E520054A279 = {
						CreatedOnToolsVersion = 7.3.1;
						TestTargetID = 39AAF0FD1D756E520054A279;
					};
				};
			};
			buildConfigurationList = 39AAF0F91D756E520054A279 /* Build configuration list for PBXProject "training" */;
			compatibilityVersion = "Xcode 3.2";
			developmentRegion = English;
			hasScannedForEncodings = 0;
			knownRegions = (
				en,
				Base,
			);
			mainGroup = 39AAF0F51D756E520054A279;
			productRefGroup = 39AAF0FF1D756E520054A279 /* Products */;
			projectDirPath = "";
			projectRoot = "";
			targets = (
				39AAF0FD1D756E520054A279 /* training */,
				39AAF1161D756E520054A279 /* trainingTests */,
				39AAF1211D756E520054A279 /* trainingUITests */,
			);
		};
/* End PBXProject section */

/* Begin PBXResourcesBuildPhase section */
		39AAF0FC1D756E520054A279 /* Resources */ = {
			isa = PBXResourcesBuildPhase;
			buildActionMask = 2147483647;
			files = (
				39AAF1111D756E520054A279 /* LaunchScreen.storyboard in Resources */,
				394A8B091D76D6B50025BB3E /* button_tap_selected@2x.png in Resources */,
				394A8B151D76DC080025BB3E /* SecondBeep.wav in Resources */,
				394A8B0D1D76D7E10025BB3E /* button_tap_deselected@2x.png in Resources */,
				394A8B111D76DBFB0025BB3E /* ButtonTap.wav in Resources */,
				394A8B141D76DC080025BB3E /* HallOfTheMountainKing.mp3 in Resources */,
				39AAF10E1D756E520054A279 /* Assets.xcassets in Resources */,
				394A8B0C1D76D7E10025BB3E /* button_tap_deselected.png in Resources */,
				39AAF1381D756F1B0054A279 /* MyViewController.xib in Resources */,
				39AAF10C1D756E520054A279 /* Main.storyboard in Resources */,
				394A8B081D76D6B50025BB3E /* button_tap_selected.png in Resources */,
			);
			runOnlyForDeploymentPostprocessing = 0;
		};
		39AAF1151D756E520054A279 /* Resources */ = {
			isa = PBXResourcesBuildPhase;
			buildActionMask = 2147483647;
			files = (
			);
			runOnlyForDeploymentPostprocessing = 0;
		};
		39AAF1201D756E520054A279 /* Resources */ = {
			isa = PBXResourcesBuildPhase;
			buildActionMask = 2147483647;
			files = (
			);
			runOnlyForDeploymentPostprocessing = 0;
		};
/* End PBXResourcesBuildPhase section */

/* Begin PBXSourcesBuildPhase section */
		39AAF0FA1D756E520054A279 /* Sources */ = {
			isa = PBXSourcesBuildPhase;
			buildActionMask = 2147483647;
			files = (
				39AAF1091D756E520054A279 /* ViewController.m in Sources */,
				39AAF1061D756E520054A279 /* AppDelegate.m in Sources */,
				39AAF1371D756F1B0054A279 /* MyViewController.m in Sources */,
				39AAF1031D756E520054A279 /* main.m in Sources */,
			);
			runOnlyForDeploymentPostprocessing = 0;
		};
		39AAF1131D756E520054A279 /* Sources */ = {
			isa = PBXSourcesBuildPhase;
			buildActionMask = 2147483647;
			files = (
				39AAF11C1D756E520054A279 /* trainingTests.m in Sources */,
			);
			runOnlyForDeploymentPostprocessing = 0;
		};
		39AAF11E1D756E520054A279 /* Sources */ = {
			isa = PBXSourcesBuildPhase;
			buildActionMask = 2147483647;
			files = (
				39AAF1271D756E520054A279 /* trainingUITests.m in Sources */,
			);
			runOnlyForDeploymentPostprocessing = 0;
		};
/* End PBXSourcesBuildPhase section */

/* Begin PBXTargetDependency section */
		39AAF1191D756E520054A279 /* PBXTargetDependency */ = {
			isa = PBXTargetDependency;
			target = 39AAF0FD1D756E520054A279 /* training */;
			targetProxy = 39AAF1181D756E520054A279 /* PBXContainerItemProxy */;
		};
		39AAF1241D756E520054A279 /* PBXTargetDependency */ = {
			isa = PBXTargetDependency;
			target = 39AAF0FD1D756E520054A279 /* training */;
			targetProxy = 39AAF1231D756E520054A279 /* PBXContainerItemProxy */;
		};
/* End PBXTargetDependency section */

/* Begin PBXVariantGroup section */
		39AAF10A1D756E520054A279 /* Main.storyboard */ = {
			isa = PBXVariantGroup;
			children = (
				39AAF10B1D756E520054A279 /* Base */,
			);
			name = Main.storyboard;
			sourceTree = "<group>";
		};
		39AAF10F1D756E520054A279 /* LaunchScreen.storyboard */ = {
			isa = PBXVariantGroup;
			children = (
				39AAF1101D756E520054A279 /* Base */,
			);
			name = LaunchScreen.storyboard;
			sourceTree = "<group>";
		};
/* End PBXVariantGroup section */

/* Begin XCBuildConfiguration section */
		39AAF1291D756E520054A279 /* Debug */ = {
			isa = XCBuildConfiguration;
			buildSettings = {
				ALWAYS_SEARCH_USER_PATHS = NO;
				CLANG_ANALYZER_NONNULL = YES;
				CLANG_CXX_LANGUAGE_STANDARD = "gnu++0x";
				CLANG_CXX_LIBRARY = "libc++";
				CLANG_ENABLE_MODULES = YES;
				CLANG_ENABLE_OBJC_ARC = YES;
				CLANG_WARN_BOOL_CONVERSION = YES;
				CLANG_WARN_CONSTANT_CONVERSION = YES;
				CLANG_WARN_DIRECT_OBJC_ISA_USAGE = YES_ERROR;
				CLANG_WARN_EMPTY_BODY = YES;
				CLANG_WARN_ENUM_CONVERSION = YES;
				CLANG_WARN_INT_CONVERSION = YES;
				CLANG_WARN_OBJC_ROOT_CLASS = YES_ERROR;
				CLANG_WARN_UNREACHABLE_CODE = YES;
				CLANG_WARN__DUPLICATE_METHOD_MATCH = YES;
				"CODE_SIGN_IDENTITY[sdk=iphoneos*]" = "iPhone Developer";
				COPY_PHASE_STRIP = NO;
				DEBUG_INFORMATION_FORMAT = dwarf;
				ENABLE_STRICT_OBJC_MSGSEND = YES;
				ENABLE_TESTABILITY = YES;
				GCC_C_LANGUAGE_STANDARD = gnu99;
				GCC_DYNAMIC_NO_PIC = NO;
				GCC_NO_COMMON_BLOCKS = YES;
				GCC_OPTIMIZATION_LEVEL = 0;
				GCC_PREPROCESSOR_DEFINITIONS = (
					"DEBUG=1",
					"$(inherited)",
				);
				GCC_WARN_64_TO_32_BIT_CONVERSION = YES;
				GCC_WARN_ABOUT_RETURN_TYPE = YES_ERROR;
				GCC_WARN_UNDECLARED_SELECTOR = YES;
				GCC_WARN_UNINITIALIZED_AUTOS = YES_AGGRESSIVE;
				GCC_WARN_UNUSED_FUNCTION = YES;
				GCC_WARN_UNUSED_VARIABLE = YES;
				IPHONEOS_DEPLOYMENT_TARGET = 9.3;
				MTL_ENABLE_DEBUG_INFO = YES;
				ONLY_ACTIVE_ARCH = YES;
				SDKROOT = iphoneos;
				TARGETED_DEVICE_FAMILY = "1,2";
			};
			name = Debug;
		};
		39AAF12A1D756E520054A279 /* Release */ = {
			isa = XCBuildConfiguration;
			buildSettings = {
				ALWAYS_SEARCH_USER_PATHS = NO;
				CLANG_ANALYZER_NONNULL = YES;
				CLANG_CXX_LANGUAGE_STANDARD = "gnu++0x";
				CLANG_CXX_LIBRARY = "libc++";
				CLANG_ENABLE_MODULES = YES;
				CLANG_ENABLE_OBJC_ARC = YES;
				CLANG_WARN_BOOL_CONVERSION = YES;
				CLANG_WARN_CONSTANT_CONVERSION = YES;
				CLANG_WARN_DIRECT_OBJC_ISA_USAGE = YES_ERROR;
				CLANG_WARN_EMPTY_BODY = YES;
				CLANG_WARN_ENUM_CONVERSION = YES;
				CLANG_WARN_INT_CONVERSION = YES;
				CLANG_WARN_OBJC_ROOT_CLASS = YES_ERROR;
				CLANG_WARN_UNREACHABLE_CODE = YES;
				CLANG_WARN__DUPLICATE_METHOD_MATCH = YES;
				"CODE_SIGN_IDENTITY[sdk=iphoneos*]" = "iPhone Developer";
				COPY_PHASE_STRIP = NO;
				DEBUG_INFORMATION_FORMAT = "dwarf-with-dsym";
				ENABLE_NS_ASSERTIONS = NO;
				ENABLE_STRICT_OBJC_MSGSEND = YES;
				GCC_C_LANGUAGE_STANDARD = gnu99;
				GCC_NO_COMMON_BLOCKS = YES;
				GCC_WARN_64_TO_32_BIT_CONVERSION = YES;
				GCC_WARN_ABOUT_RETURN_TYPE = YES_ERROR;
				GCC_WARN_UNDECLARED_SELECTOR = YES;
				GCC_WARN_UNINITIALIZED_AUTOS = YES_AGGRESSIVE;
				GCC_WARN_UNUSED_FUNCTION = YES;
				GCC_WARN_UNUSED_VARIABLE = YES;
				IPHONEOS_DEPLOYMENT_TARGET = 9.3;
				MTL_ENABLE_DEBUG_INFO = NO;
				SDKROOT = iphoneos;
				TARGETED_DEVICE_FAMILY = "1,2";
				VALIDATE_PRODUCT = YES;
			};
			name = Release;
		};
		39AAF12C1D756E520054A279 /* Debug */ = {
			isa = XCBuildConfiguration;
			buildSettings = {
				ASSETCATALOG_COMPILER_APPICON_NAME = AppIcon;
				INFOPLIST_FILE = training/Info.plist;
				LD_RUNPATH_SEARCH_PATHS = "$(inherited) @executable_path/Frameworks";
				PRODUCT_BUNDLE_IDENTIFIER = com.training.training;
				PRODUCT_NAME = "$(TARGET_NAME)";
			};
			name = Debug;
		};
		39AAF12D1D756E520054A279 /* Release */ = {
			isa = XCBuildConfiguration;
			buildSettings = {
				ASSETCATALOG_COMPILER_APPICON_NAME = AppIcon;
				INFOPLIST_FILE = training/Info.plist;
				LD_RUNPATH_SEARCH_PATHS = "$(inherited) @executable_path/Frameworks";
				PRODUCT_BUNDLE_IDENTIFIER = com.training.training;
				PRODUCT_NAME = "$(TARGET_NAME)";
			};
			name = Release;
		};
		39AAF12F1D756E520054A279 /* Debug */ = {
			isa = XCBuildConfiguration;
			buildSettings = {
				BUNDLE_LOADER = "$(TEST_HOST)";
				INFOPLIST_FILE = trainingTests/Info.plist;
				LD_RUNPATH_SEARCH_PATHS = "$(inherited) @executable_path/Frameworks @loader_path/Frameworks";
				PRODUCT_BUNDLE_IDENTIFIER = com.training.trainingTests;
				PRODUCT_NAME = "$(TARGET_NAME)";
				TEST_HOST = "$(BUILT_PRODUCTS_DIR)/training.app/training";
			};
			name = Debug;
		};
		39AAF1301D756E520054A279 /* Release */ = {
			isa = XCBuildConfiguration;
			buildSettings = {
				BUNDLE_LOADER = "$(TEST_HOST)";
				INFOPLIST_FILE = trainingTests/Info.plist;
				LD_RUNPATH_SEARCH_PATHS = "$(inherited) @executable_path/Frameworks @loader_path/Frameworks";
				PRODUCT_BUNDLE_IDENTIFIER = com.training.trainingTests;
				PRODUCT_NAME = "$(TARGET_NAME)";
				TEST_HOST = "$(BUILT_PRODUCTS_DIR)/training.app/training";
			};
			name = Release;
		};
		39AAF1321D756E520054A279 /* Debug */ = {
			isa = XCBuildConfiguration;
			buildSettings = {
				INFOPLIST_FILE = trainingUITests/Info.plist;
				LD_RUNPATH_SEARCH_PATHS = "$(inherited) @executable_path/Frameworks @loader_path/Frameworks";
				PRODUCT_BUNDLE_IDENTIFIER = com.training.trainingUITests;
				PRODUCT_NAME = "$(TARGET_NAME)";
				TEST_TARGET_NAME = training;
			};
			name = Debug;
		};
		39AAF1331D756E520054A279 /* Release */ = {
			isa = XCBuildConfiguration;
			buildSettings = {
				INFOPLIST_FILE = trainingUITests/Info.plist;
				LD_RUNPATH_SEARCH_PATHS = "$(inherited) @executable_path/Frameworks @loader_path/Frameworks";
				PRODUCT_BUNDLE_IDENTIFIER = com.training.trainingUITests;
				PRODUCT_NAME = "$(TARGET_NAME)";
				TEST_TARGET_NAME = training;
			};
			name = Release;
		};
/* End XCBuildConfiguration section */

/* Begin XCConfigurationList section */
		39AAF0F91D756E520054A279 /* Build configuration list for PBXProject "training" */ = {
			isa = XCConfigurationList;
			buildConfigurations = (
				39AAF1291D756E520054A279 /* Debug */,
				39AAF12A1D756E520054A279 /* Release */,
			);
			defaultConfigurationIsVisible = 0;
			defaultConfigurationName = Release;
		};
		39AAF12B1D756E520054A279 /* Build configuration list for PBXNativeTarget "training" */ = {
			isa = XCConfigurationList;
			buildConfigurations = (
				39AAF12C1D756E520054A279 /* Debug */,
				39AAF12D1D756E520054A279 /* Release */,
			);
			defaultConfigurationIsVisible = 0;
			defaultConfigurationName = Release;
		};
		39AAF12E1D756E520054A279 /* Build configuration list for PBXNativeTarget "trainingTests" */ = {
			isa = XCConfigurationList;
			buildConfigurations = (
				39AAF12F1D756E520054A279 /* Debug */,
				39AAF1301D756E520054A279 /* Release */,
			);
			defaultConfigurationIsVisible = 0;
			defaultConfigurationName = Release;
		};
		39AAF1311D756E520054A279 /* Build configuration list for PBXNativeTarget "trainingUITests" */ = {
			isa = XCConfigurationList;
			buildConfigurations = (
				39AAF1321D756E520054A279 /* Debug */,
				39AAF1331D756E520054A279 /* Release */,
			);
			defaultConfigurationIsVisible = 0;
			defaultConfigurationName = Release;
		};
/* End XCConfigurationList section */
	};
	rootObject = 39AAF0F61D756E520054A279 /* Project object */;
}
